
Microsoft Visual Studio Solution File, Format Version 12.00
# Visual Studio Version 17
VisualStudioVersion = 17.5.33502.453
MinimumVisualStudioVersion = 10.0.40219.1
Project("{FAE04EC0-301F-11D3-BF4B-00C04F79EFBC}") = "touristProject.Entities", "touristProject.Entities\touristProject.Entities.csproj", "{C76DC866-E861-4CC2-88AF-3D0A78202790}"
EndProject
Project("{FAE04EC0-301F-11D3-BF4B-00C04F79EFBC}") = "touristProject.Business", "touristProject.Business\touristProject.Business.csproj", "{264F9385-94CA-4EE8-A90E-FBCF7709AEF1}"
EndProject
Project("{FAE04EC0-301F-11D3-BF4B-00C04F79EFBC}") = "touristProject.DataAccess", "touristProject.DataAccess\touristProject.DataAccess.csproj", "{62148D2A-35F6-4992-908F-FF9A4583A81E}"
EndProject
Project("{FAE04EC0-301F-11D3-BF4B-00C04F79EFBC}") = "touristProject.Core", "touristProject.Core\touristProject.Core.csproj", "{DCCA2E14-8A4B-48BD-B2EB-C28AB121EC44}"
EndProject
Project("{FAE04EC0-301F-11D3-BF4B-00C04F79EFBC}") = "touristProject.API", "touristProject.API\touristProject.API.csproj", "{9E7AEC3B-D327-4141-88F5-046059E728A4}"
EndProject
Global
	GlobalSection(SolutionConfigurationPlatforms) = preSolution
		Debug|Any CPU = Debug|Any CPU
		Release|Any CPU = Release|Any CPU
	EndGlobalSection
	GlobalSection(ProjectConfigurationPlatforms) = postSolution
		{C76DC866-E861-4CC2-88AF-3D0A78202790}.Debug|Any CPU.ActiveCfg = Debug|Any CPU
		{C76DC866-E861-4CC2-88AF-3D0A78202790}.Debug|Any CPU.Build.0 = Debug|Any CPU
		{C76DC866-E861-4CC2-88AF-3D0A78202790}.Release|Any CPU.ActiveCfg = Release|Any CPU
		{C76DC866-E861-4CC2-88AF-3D0A78202790}.Release|Any CPU.Build.0 = Release|Any CPU
		{264F9385-94CA-4EE8-A90E-FBCF7709AEF1}.Debug|Any CPU.ActiveCfg = Debug|Any CPU
		{264F9385-94CA-4EE8-A90E-FBCF7709AEF1}.Debug|Any CPU.Build.0 = Debug|Any CPU
		{264F9385-94CA-4EE8-A90E-FBCF7709AEF1}.Release|Any CPU.ActiveCfg = Release|Any CPU
		{264F9385-94CA-4EE8-A90E-FBCF7709AEF1}.Release|Any CPU.Build.0 = Release|Any CPU
		{62148D2A-35F6-4992-908F-FF9A4583A81E}.Debug|Any CPU.ActiveCfg = Debug|Any CPU
		{62148D2A-35F6-4992-908F-FF9A4583A81E}.Debug|Any CPU.Build.0 = Debug|Any CPU
		{62148D2A-35F6-4992-908F-FF9A4583A81E}.Release|Any CPU.ActiveCfg = Release|Any CPU
		{62148D2A-35F6-4992-908F-FF9A4583A81E}.Release|Any CPU.Build.0 = Release|Any CPU
		{DCCA2E14-8A4B-48BD-B2EB-C28AB121EC44}.Debug|Any CPU.ActiveCfg = Debug|Any CPU
		{DCCA2E14-8A4B-48BD-B2EB-C28AB121EC44}.Debug|Any CPU.Build.0 = Debug|Any CPU
		{DCCA2E14-8A4B-48BD-B2EB-C28AB121EC44}.Release|Any CPU.ActiveCfg = Release|Any CPU
		{DCCA2E14-8A4B-48BD-B2EB-C28AB121EC44}.Release|Any CPU.Build.0 = Release|Any CPU
		{9E7AEC3B-D327-4141-88F5-046059E728A4}.Debug|Any CPU.ActiveCfg = Debug|Any CPU
		{9E7AEC3B-D327-4141-88F5-046059E728A4}.Debug|Any CPU.Build.0 = Debug|Any CPU
		{9E7AEC3B-D327-4141-88F5-046059E728A4}.Release|Any CPU.ActiveCfg = Release|Any CPU
		{9E7AEC3B-D327-4141-88F5-046059E728A4}.Release|Any CPU.Build.0 = Release|Any CPU
	EndGlobalSection
	GlobalSection(SolutionProperties) = preSolution
		HideSolutionNode = FALSE
	EndGlobalSection
	GlobalSection(ExtensibilityGlobals) = postSolution
		SolutionGuid = {E8F5545F-3818-4F7E-B9D4-656B449D5C7A}
	EndGlobalSection
EndGlobal
